Microsoft Visual Studio Solution File, Format Version 12.00
# Visual Studio Version 17
VisualStudioVersion = 17.5.2.0
MinimumVisualStudioVersion = 10.0.40219.1
Project("{FAE04EC0-301F-11D3-BF4B-00C04F79EFBC}") = "PhoneValidate.Unit.Tests", "PhoneValidate.Unit.Tests\PhoneValidate.Unit.Tests.csproj", "{85FE13CD-1380-FC00-5B39-956ECE337F52}"
EndProject
Project("{FAE04EC0-301F-11D3-BF4B-00C04F79EFBC}") = "PhoneValidate", "PhoneValidate\PhoneValidate.csproj", "{36A8BEA4-9C03-3210-79D7-01B54E95BAE6}"
EndProject
Project("{FAE04EC0-301F-11D3-BF4B-00C04F79EFBC}") = "PhoneValidate.Domain.Service", "PhoneValidate.Domain.Service\PhoneValidate.Domain.Service.csproj", "{D7A3B078-C5A0-CB4D-EF69-F54627421522}"
EndProject
Project("{FAE04EC0-301F-11D3-BF4B-00C04F79EFBC}") = "PhoneValidate.Application.Service", "PhoneValidate.Application.Service\PhoneValidate.Application.Service.csproj", "{A5074796-13D1-2AD2-97E7-20443FCF8C5E}"
EndProject
Project("{FAE04EC0-301F-11D3-BF4B-00C04F79EFBC}") = "PhoneValidate.E2E.Tests", "PhoneValidate.E2E.Tests\PhoneValidate.E2E.Tests.csproj", "{C3D22D41-5017-62AB-9858-BAB7C231FA71}"
EndProject
Project("{FAE04EC0-301F-11D3-BF4B-00C04F79EFBC}") = "PhoneValidate.Infra.Data", "PhoneValidate.Infra.Data\PhoneValidate.Infra.Data.csproj", "{1B7566F3-D0EF-117D-28E6-DA7BAC752BA2}"
EndProject
Global
	GlobalSection(SolutionConfigurationPlatforms) = preSolution
		Debug|Any CPU = Debug|Any CPU
		Release|Any CPU = Release|Any CPU
	EndGlobalSection
	GlobalSection(ProjectConfigurationPlatforms) = postSolution
		{85FE13CD-1380-FC00-5B39-956ECE337F52}.Debug|Any CPU.ActiveCfg = Debug|Any CPU
		{85FE13CD-1380-FC00-5B39-956ECE337F52}.Debug|Any CPU.Build.0 = Debug|Any CPU
		{85FE13CD-1380-FC00-5B39-956ECE337F52}.Release|Any CPU.ActiveCfg = Release|Any CPU
		{85FE13CD-1380-FC00-5B39-956ECE337F52}.Release|Any CPU.Build.0 = Release|Any CPU
		{36A8BEA4-9C03-3210-79D7-01B54E95BAE6}.Debug|Any CPU.ActiveCfg = Debug|Any CPU
		{36A8BEA4-9C03-3210-79D7-01B54E95BAE6}.Debug|Any CPU.Build.0 = Debug|Any CPU
		{36A8BEA4-9C03-3210-79D7-01B54E95BAE6}.Release|Any CPU.ActiveCfg = Release|Any CPU
		{36A8BEA4-9C03-3210-79D7-01B54E95BAE6}.Release|Any CPU.Build.0 = Release|Any CPU
		{D7A3B078-C5A0-CB4D-EF69-F54627421522}.Debug|Any CPU.ActiveCfg = Debug|Any CPU
		{D7A3B078-C5A0-CB4D-EF69-F54627421522}.Debug|Any CPU.Build.0 = Debug|Any CPU
		{D7A3B078-C5A0-CB4D-EF69-F54627421522}.Release|Any CPU.ActiveCfg = Release|Any CPU
		{D7A3B078-C5A0-CB4D-EF69-F54627421522}.Release|Any CPU.Build.0 = Release|Any CPU
		{A5074796-13D1-2AD2-97E7-20443FCF8C5E}.Debug|Any CPU.ActiveCfg = Debug|Any CPU
		{A5074796-13D1-2AD2-97E7-20443FCF8C5E}.Debug|Any CPU.Build.0 = Debug|Any CPU
		{A5074796-13D1-2AD2-97E7-20443FCF8C5E}.Release|Any CPU.ActiveCfg = Release|Any CPU
		{A5074796-13D1-2AD2-97E7-20443FCF8C5E}.Release|Any CPU.Build.0 = Release|Any CPU
		{C3D22D41-5017-62AB-9858-BAB7C231FA71}.Debug|Any CPU.ActiveCfg = Debug|Any CPU
		{C3D22D41-5017-62AB-9858-BAB7C231FA71}.Debug|Any CPU.Build.0 = Debug|Any CPU
		{C3D22D41-5017-62AB-9858-BAB7C231FA71}.Release|Any CPU.ActiveCfg = Release|Any CPU
		{C3D22D41-5017-62AB-9858-BAB7C231FA71}.Release|Any CPU.Build.0 = Release|Any CPU
		{1B7566F3-D0EF-117D-28E6-DA7BAC752BA2}.Debug|Any CPU.ActiveCfg = Debug|Any CPU
		{1B7566F3-D0EF-117D-28E6-DA7BAC752BA2}.Debug|Any CPU.Build.0 = Debug|Any CPU
		{1B7566F3-D0EF-117D-28E6-DA7BAC752BA2}.Release|Any CPU.ActiveCfg = Release|Any CPU
		{1B7566F3-D0EF-117D-28E6-DA7BAC752BA2}.Release|Any CPU.Build.0 = Release|Any CPU
	EndGlobalSection
	GlobalSection(SolutionProperties) = preSolution
		HideSolutionNode = FALSE
	EndGlobalSection
	GlobalSection(ExtensibilityGlobals) = postSolution
		SolutionGuid = {3D525EEA-8329-4CFF-946C-1ABF836C1644}
	EndGlobalSection
EndGlobal
